PODS:
  - AppAuth (1.4.0):
    - AppAuth/Core (= 1.4.0)
    - AppAuth/ExternalUserAgent (= 1.4.0)
  - AppAuth/Core (1.4.0)
  - AppAuth/ExternalUserAgent (1.4.0)
  - boost (1.76.0)
  - BugsnagReactNative (7.16.1):
    - React-Core
  - BVLinearGradient (2.6.2):
    - React-Core
  - CocoaAsyncSocket (7.6.5)
  - DoubleConversion (1.1.6)
  - FBLazyVector (0.69.1)
  - FBReactNativeSpec (0.69.1):
    - RCT-Folly (= 2021.06.28.00-v2)
    - RCTRequired (= 0.69.1)
    - RCTTypeSafety (= 0.69.1)
    - React-Core (= 0.69.1)
    - React-jsi (= 0.69.1)
    - ReactCommon/turbomodule/core (= 0.69.1)
  - Flipper (0.173.0):
    - Flipper-Folly (~> 2.6)
  - Flipper-Boost-iOSX (1.76.0.1.11)
  - Flipper-DoubleConversion (3.2.0.1)
  - Flipper-Fmt (7.1.7)
  - Flipper-Folly (2.6.10):
    - Flipper-Boost-iOSX
    - Flipper-DoubleConversion
    - Flipper-Fmt (= 7.1.7)
    - Flipper-Glog
    - libevent (~> 2.1.12)
    - OpenSSL-Universal (= 1.1.1100)
  - Flipper-Glog (0.5.0.5)
  - Flipper-PeerTalk (0.0.4)
  - Flipper-RSocket (1.4.3):
    - Flipper-Folly (~> 2.6)
  - FlipperKit (0.173.0):
    - FlipperKit/Core (= 0.173.0)
  - FlipperKit/Core (0.173.0):
    - Flipper (~> 0.173.0)
    - FlipperKit/CppBridge
    - FlipperKit/FBCxxFollyDynamicConvert
    - FlipperKit/FBDefines
    - FlipperKit/FKPortForwarding
    - SocketRocket (~> 0.6.0)
  - FlipperKit/CppBridge (0.173.0):
    - Flipper (~> 0.173.0)
  - FlipperKit/FBCxxFollyDynamicConvert (0.173.0):
    - Flipper-Folly (~> 2.6)
  - FlipperKit/FBDefines (0.173.0)
  - FlipperKit/FKPortForwarding (0.173.0):
    - CocoaAsyncSocket (~> 7.6)
    - Flipper-PeerTalk (~> 0.0.4)
  - FlipperKit/FlipperKitHighlightOverlay (0.173.0)
  - FlipperKit/FlipperKitLayoutHelpers (0.173.0):
    - FlipperKit/Core
    - FlipperKit/FlipperKitHighlightOverlay
    - FlipperKit/FlipperKitLayoutTextSearchable
  - FlipperKit/FlipperKitLayoutIOSDescriptors (0.173.0):
    - FlipperKit/Core
    - FlipperKit/FlipperKitHighlightOverlay
    - FlipperKit/FlipperKitLayoutHelpers
    - YogaKit (~> 1.18)
  - FlipperKit/FlipperKitLayoutPlugin (0.173.0):
    - FlipperKit/Core
    - FlipperKit/FlipperKitHighlightOverlay
    - FlipperKit/FlipperKitLayoutHelpers
    - FlipperKit/FlipperKitLayoutIOSDescriptors
    - FlipperKit/FlipperKitLayoutTextSearchable
    - YogaKit (~> 1.18)
  - FlipperKit/FlipperKitLayoutTextSearchable (0.173.0)
  - FlipperKit/FlipperKitNetworkPlugin (0.173.0):
    - FlipperKit/Core
  - FlipperKit/FlipperKitReactPlugin (0.173.0):
    - FlipperKit/Core
  - FlipperKit/FlipperKitUserDefaultsPlugin (0.173.0):
    - FlipperKit/Core
  - FlipperKit/SKIOSNetworkPlugin (0.173.0):
    - FlipperKit/Core
    - FlipperKit/FlipperKitNetworkPlugin
  - fmt (6.2.1)
  - glog (0.3.5)
  - hermes-engine (0.69.1)
  - libevent (2.1.12)
  - libwebp (1.2.4):
    - libwebp/demux (= 1.2.4)
    - libwebp/mux (= 1.2.4)
    - libwebp/webp (= 1.2.4)
  - libwebp/demux (1.2.4):
    - libwebp/webp
  - libwebp/mux (1.2.4):
    - libwebp/demux
  - libwebp/webp (1.2.4)
  - OpenSSL-Universal (1.1.1100)
  - RCT-Folly (2021.06.28.00-v2):
    - boost
    - DoubleConversion
    - fmt (~> 6.2.1)
    - glog
    - RCT-Folly/Default (= 2021.06.28.00-v2)
  - RCT-Folly/Default (2021.06.28.00-v2):
    - boost
    - DoubleConversion
    - fmt (~> 6.2.1)
    - glog
  - RCT-Folly/Futures (2021.06.28.00-v2):
    - boost
    - DoubleConversion
    - fmt (~> 6.2.1)
    - glog
    - libevent
  - RCTRequired (0.69.1)
  - RCTTypeSafety (0.69.1):
    - FBLazyVector (= 0.69.1)
    - RCTRequired (= 0.69.1)
    - React-Core (= 0.69.1)
  - React (0.69.1):
    - React-Core (= 0.69.1)
    - React-Core/DevSupport (= 0.69.1)
    - React-Core/RCTWebSocket (= 0.69.1)
    - React-RCTActionSheet (= 0.69.1)
    - React-RCTAnimation (= 0.69.1)
    - React-RCTBlob (= 0.69.1)
    - React-RCTImage (= 0.69.1)
    - React-RCTLinking (= 0.69.1)
    - React-RCTNetwork (= 0.69.1)
    - React-RCTSettings (= 0.69.1)
    - React-RCTText (= 0.69.1)
    - React-RCTVibration (= 0.69.1)
  - React-bridging (0.69.1):
    - RCT-Folly (= 2021.06.28.00-v2)
    - React-jsi (= 0.69.1)
  - React-callinvoker (0.69.1)
  - React-Codegen (0.69.1):
    - FBReactNativeSpec (= 0.69.1)
    - RCT-Folly (= 2021.06.28.00-v2)
    - RCTRequired (= 0.69.1)
    - RCTTypeSafety (= 0.69.1)
    - React-Core (= 0.69.1)
    - React-jsi (= 0.69.1)
    - React-jsiexecutor (= 0.69.1)
    - ReactCommon/turbomodule/core (= 0.69.1)
  - React-Core (0.69.1):
    - glog
    - RCT-Folly (= 2021.06.28.00-v2)
    - React-Core/Default (= 0.69.1)
    - React-cxxreact (= 0.69.1)
    - React-jsi (= 0.69.1)
    - React-jsiexecutor (= 0.69.1)
    - React-perflogger (= 0.69.1)
    - Yoga
  - React-Core/CoreModulesHeaders (0.69.1):
    - glog
    - RCT-Folly (= 2021.06.28.00-v2)
    - React-Core/Default
    - React-cxxreact (= 0.69.1)
    - React-jsi (= 0.69.1)
    - React-jsiexecutor (= 0.69.1)
    - React-perflogger (= 0.69.1)
    - Yoga
  - React-Core/Default (0.69.1):
    - glog
    - RCT-Folly (= 2021.06.28.00-v2)
    - React-cxxreact (= 0.69.1)
    - React-jsi (= 0.69.1)
    - React-jsiexecutor (= 0.69.1)
    - React-perflogger (= 0.69.1)
    - Yoga
  - React-Core/DevSupport (0.69.1):
    - glog
    - RCT-Folly (= 2021.06.28.00-v2)
    - React-Core/Default (= 0.69.1)
    - React-Core/RCTWebSocket (= 0.69.1)
    - React-cxxreact (= 0.69.1)
    - React-jsi (= 0.69.1)
    - React-jsiexecutor (= 0.69.1)
    - React-jsinspector (= 0.69.1)
    - React-perflogger (= 0.69.1)
    - Yoga
  - React-Core/RCTActionSheetHeaders (0.69.1):
    - glog
    - RCT-Folly (= 2021.06.28.00-v2)
    - React-Core/Default
    - React-cxxreact (= 0.69.1)
    - React-jsi (= 0.69.1)
    - React-jsiexecutor (= 0.69.1)
    - React-perflogger (= 0.69.1)
    - Yoga
  - React-Core/RCTAnimationHeaders (0.69.1):
    - glog
    - RCT-Folly (= 2021.06.28.00-v2)
    - React-Core/Default
    - React-cxxreact (= 0.69.1)
    - React-jsi (= 0.69.1)
    - React-jsiexecutor (= 0.69.1)
    - React-perflogger (= 0.69.1)
    - Yoga
  - React-Core/RCTBlobHeaders (0.69.1):
    - glog
    - RCT-Folly (= 2021.06.28.00-v2)
    - React-Core/Default
    - React-cxxreact (= 0.69.1)
    - React-jsi (= 0.69.1)
    - React-jsiexecutor (= 0.69.1)
    - React-perflogger (= 0.69.1)
    - Yoga
  - React-Core/RCTImageHeaders (0.69.1):
    - glog
    - RCT-Folly (= 2021.06.28.00-v2)
    - React-Core/Default
    - React-cxxreact (= 0.69.1)
    - React-jsi (= 0.69.1)
    - React-jsiexecutor (= 0.69.1)
    - React-perflogger (= 0.69.1)
    - Yoga
  - React-Core/RCTLinkingHeaders (0.69.1):
    - glog
    - RCT-Folly (= 2021.06.28.00-v2)
    - React-Core/Default
    - React-cxxreact (= 0.69.1)
    - React-jsi (= 0.69.1)
    - React-jsiexecutor (= 0.69.1)
    - React-perflogger (= 0.69.1)
    - Yoga
  - React-Core/RCTNetworkHeaders (0.69.1):
    - glog
    - RCT-Folly (= 2021.06.28.00-v2)
    - React-Core/Default
    - React-cxxreact (= 0.69.1)
    - React-jsi (= 0.69.1)
    - React-jsiexecutor (= 0.69.1)
    - React-perflogger (= 0.69.1)
    - Yoga
  - React-Core/RCTSettingsHeaders (0.69.1):
    - glog
    - RCT-Folly (= 2021.06.28.00-v2)
    - React-Core/Default
    - React-cxxreact (= 0.69.1)
    - React-jsi (= 0.69.1)
    - React-jsiexecutor (= 0.69.1)
    - React-perflogger (= 0.69.1)
    - Yoga
  - React-Core/RCTTextHeaders (0.69.1):
    - glog
    - RCT-Folly (= 2021.06.28.00-v2)
    - React-Core/Default
    - React-cxxreact (= 0.69.1)
    - React-jsi (= 0.69.1)
    - React-jsiexecutor (= 0.69.1)
    - React-perflogger (= 0.69.1)
    - Yoga
  - React-Core/RCTVibrationHeaders (0.69.1):
    - glog
    - RCT-Folly (= 2021.06.28.00-v2)
    - React-Core/Default
    - React-cxxreact (= 0.69.1)
    - React-jsi (= 0.69.1)
    - React-jsiexecutor (= 0.69.1)
    - React-perflogger (= 0.69.1)
    - Yoga
  - React-Core/RCTWebSocket (0.69.1):
    - glog
    - RCT-Folly (= 2021.06.28.00-v2)
    - React-Core/Default (= 0.69.1)
    - React-cxxreact (= 0.69.1)
    - React-jsi (= 0.69.1)
    - React-jsiexecutor (= 0.69.1)
    - React-perflogger (= 0.69.1)
    - Yoga
  - React-CoreModules (0.69.1):
    - RCT-Folly (= 2021.06.28.00-v2)
    - RCTTypeSafety (= 0.69.1)
    - React-Codegen (= 0.69.1)
    - React-Core/CoreModulesHeaders (= 0.69.1)
    - React-jsi (= 0.69.1)
    - React-RCTImage (= 0.69.1)
    - ReactCommon/turbomodule/core (= 0.69.1)
  - React-cxxreact (0.69.1):
    - boost (= 1.76.0)
    - DoubleConversion
    - glog
    - RCT-Folly (= 2021.06.28.00-v2)
    - React-callinvoker (= 0.69.1)
    - React-jsi (= 0.69.1)
    - React-jsinspector (= 0.69.1)
    - React-logger (= 0.69.1)
    - React-perflogger (= 0.69.1)
    - React-runtimeexecutor (= 0.69.1)
  - React-hermes (0.69.1):
    - DoubleConversion
    - glog
    - hermes-engine
    - RCT-Folly (= 2021.06.28.00-v2)
    - RCT-Folly/Futures (= 2021.06.28.00-v2)
    - React-cxxreact (= 0.69.1)
    - React-jsi (= 0.69.1)
    - React-jsiexecutor (= 0.69.1)
    - React-jsinspector (= 0.69.1)
    - React-perflogger (= 0.69.1)
  - React-jsi (0.69.1):
    - boost (= 1.76.0)
    - DoubleConversion
    - glog
    - RCT-Folly (= 2021.06.28.00-v2)
    - React-jsi/Default (= 0.69.1)
  - React-jsi/Default (0.69.1):
    - boost (= 1.76.0)
    - DoubleConversion
    - glog
    - RCT-Folly (= 2021.06.28.00-v2)
  - React-jsiexecutor (0.69.1):
    - DoubleConversion
    - glog
    - RCT-Folly (= 2021.06.28.00-v2)
    - React-cxxreact (= 0.69.1)
    - React-jsi (= 0.69.1)
    - React-perflogger (= 0.69.1)
  - React-jsinspector (0.69.1)
  - React-logger (0.69.1):
    - glog
  - react-native-app-auth (6.4.3):
    - AppAuth (= 1.4.0)
    - React-Core
  - react-native-encrypted-storage (4.0.3):
    - React-Core
  - react-native-eventsource (0.0.1):
    - React
  - react-native-netinfo (9.3.7):
    - React-Core
  - react-native-notifications (4.3.3):
    - React-Core
  - react-native-pager-view (5.4.9):
    - React-Core
  - react-native-render-html (6.3.4):
    - React-Core
  - react-native-restart (0.0.24):
    - React-Core
  - react-native-safe-area-context (4.4.1):
    - RCT-Folly
    - RCTRequired
    - RCTTypeSafety
    - React-Core
    - ReactCommon/turbomodule/core
  - react-native-video (5.2.0):
    - React-Core
    - react-native-video/Video (= 5.2.0)
  - react-native-video/Video (5.2.0):
    - React-Core
  - react-native-webview (11.17.2):
    - React-Core
  - React-perflogger (0.69.1)
  - React-RCTActionSheet (0.69.1):
    - React-Core/RCTActionSheetHeaders (= 0.69.1)
  - React-RCTAnimation (0.69.1):
    - RCT-Folly (= 2021.06.28.00-v2)
    - RCTTypeSafety (= 0.69.1)
    - React-Codegen (= 0.69.1)
    - React-Core/RCTAnimationHeaders (= 0.69.1)
    - React-jsi (= 0.69.1)
    - ReactCommon/turbomodule/core (= 0.69.1)
  - React-RCTBlob (0.69.1):
    - RCT-Folly (= 2021.06.28.00-v2)
    - React-Codegen (= 0.69.1)
    - React-Core/RCTBlobHeaders (= 0.69.1)
    - React-Core/RCTWebSocket (= 0.69.1)
    - React-jsi (= 0.69.1)
    - React-RCTNetwork (= 0.69.1)
    - ReactCommon/turbomodule/core (= 0.69.1)
  - React-RCTImage (0.69.1):
    - RCT-Folly (= 2021.06.28.00-v2)
    - RCTTypeSafety (= 0.69.1)
    - React-Codegen (= 0.69.1)
    - React-Core/RCTImageHeaders (= 0.69.1)
    - React-jsi (= 0.69.1)
    - React-RCTNetwork (= 0.69.1)
    - ReactCommon/turbomodule/core (= 0.69.1)
  - React-RCTLinking (0.69.1):
    - React-Codegen (= 0.69.1)
    - React-Core/RCTLinkingHeaders (= 0.69.1)
    - React-jsi (= 0.69.1)
    - ReactCommon/turbomodule/core (= 0.69.1)
  - React-RCTNetwork (0.69.1):
    - RCT-Folly (= 2021.06.28.00-v2)
    - RCTTypeSafety (= 0.69.1)
    - React-Codegen (= 0.69.1)
    - React-Core/RCTNetworkHeaders (= 0.69.1)
    - React-jsi (= 0.69.1)
    - ReactCommon/turbomodule/core (= 0.69.1)
  - React-RCTSettings (0.69.1):
    - RCT-Folly (= 2021.06.28.00-v2)
    - RCTTypeSafety (= 0.69.1)
    - React-Codegen (= 0.69.1)
    - React-Core/RCTSettingsHeaders (= 0.69.1)
    - React-jsi (= 0.69.1)
    - ReactCommon/turbomodule/core (= 0.69.1)
  - React-RCTText (0.69.1):
    - React-Core/RCTTextHeaders (= 0.69.1)
  - React-RCTVibration (0.69.1):
    - RCT-Folly (= 2021.06.28.00-v2)
    - React-Codegen (= 0.69.1)
    - React-Core/RCTVibrationHeaders (= 0.69.1)
    - React-jsi (= 0.69.1)
    - ReactCommon/turbomodule/core (= 0.69.1)
  - React-runtimeexecutor (0.69.1):
    - React-jsi (= 0.69.1)
  - ReactCommon/turbomodule/core (0.69.1):
    - DoubleConversion
    - glog
    - RCT-Folly (= 2021.06.28.00-v2)
    - React-bridging (= 0.69.1)
    - React-callinvoker (= 0.69.1)
    - React-Core (= 0.69.1)
    - React-cxxreact (= 0.69.1)
    - React-jsi (= 0.69.1)
    - React-logger (= 0.69.1)
    - React-perflogger (= 0.69.1)
  - RNCAsyncStorage (1.17.11):
    - React-Core
  - RNDeviceInfo (8.4.9):
    - React-Core
  - RNFastImage (8.6.3):
    - React-Core
    - SDWebImage (~> 5.11.1)
    - SDWebImageWebPCoder (~> 0.8.4)
  - RNGestureHandler (2.8.0):
    - React-Core
  - RNImageCropPicker (0.38.1):
    - React-Core
    - React-RCTImage
    - RNImageCropPicker/QBImagePickerController (= 0.38.1)
    - TOCropViewController
  - RNImageCropPicker/QBImagePickerController (0.38.1):
    - React-Core
    - React-RCTImage
    - TOCropViewController
  - RNKeychain (8.1.1):
    - React-Core
  - RNReanimated (2.13.0):
    - DoubleConversion
    - FBLazyVector
    - FBReactNativeSpec
    - glog
    - RCT-Folly
    - RCTRequired
    - RCTTypeSafety
    - React-callinvoker
    - React-Core
    - React-Core/DevSupport
    - React-Core/RCTWebSocket
    - React-CoreModules
    - React-cxxreact
    - React-jsi
    - React-jsiexecutor
    - React-jsinspector
    - React-RCTActionSheet
    - React-RCTAnimation
    - React-RCTBlob
    - React-RCTImage
    - React-RCTLinking
    - React-RCTNetwork
    - React-RCTSettings
    - React-RCTText
    - ReactCommon/turbomodule/core
    - Yoga
  - RNScreens (3.18.2):
    - React-Core
    - React-RCTImage
  - RNSVG (9.13.6):
    - React
  - RNVectorIcons (9.1.0):
    - React-Core
  - SDWebImage (5.11.1):
    - SDWebImage/Core (= 5.11.1)
  - SDWebImage/Core (5.11.1)
  - SDWebImageWebPCoder (0.8.5):
    - libwebp (~> 1.0)
    - SDWebImage/Core (~> 5.10)
  - SocketRocket (0.6.0)
  - TOCropViewController (2.6.1)
  - Yoga (1.14.0)
  - YogaKit (1.18.1):
    - Yoga (~> 1.14)

DEPENDENCIES:
  - boost (from `../node_modules/react-native/third-party-podspecs/boost.podspec`)
  - "BugsnagReactNative (from `../node_modules/@bugsnag/react-native`)"
  - BVLinearGradient (from `../node_modules/react-native-linear-gradient`)
  - DoubleConversion (from `../node_modules/react-native/third-party-podspecs/DoubleConversion.podspec`)
  - FBLazyVector (from `../node_modules/react-native/Libraries/FBLazyVector`)
  - FBReactNativeSpec (from `../node_modules/react-native/React/FBReactNativeSpec`)
  - Flipper (= 0.173.0)
  - Flipper-Boost-iOSX (= 1.76.0.1.11)
  - Flipper-DoubleConversion (= 3.2.0.1)
  - Flipper-Fmt (= 7.1.7)
  - Flipper-Folly (= 2.6.10)
  - Flipper-Glog (= 0.5.0.5)
  - Flipper-PeerTalk (= 0.0.4)
  - Flipper-RSocket (= 1.4.3)
  - FlipperKit (= 0.173.0)
  - FlipperKit/Core (= 0.173.0)
  - FlipperKit/CppBridge (= 0.173.0)
  - FlipperKit/FBCxxFollyDynamicConvert (= 0.173.0)
  - FlipperKit/FBDefines (= 0.173.0)
  - FlipperKit/FKPortForwarding (= 0.173.0)
  - FlipperKit/FlipperKitHighlightOverlay (= 0.173.0)
  - FlipperKit/FlipperKitLayoutPlugin (= 0.173.0)
  - FlipperKit/FlipperKitLayoutTextSearchable (= 0.173.0)
  - FlipperKit/FlipperKitNetworkPlugin (= 0.173.0)
  - FlipperKit/FlipperKitReactPlugin (= 0.173.0)
  - FlipperKit/FlipperKitUserDefaultsPlugin (= 0.173.0)
  - FlipperKit/SKIOSNetworkPlugin (= 0.173.0)
  - glog (from `../node_modules/react-native/third-party-podspecs/glog.podspec`)
  - hermes-engine (from `../node_modules/react-native/sdks/hermes/hermes-engine.podspec`)
  - libevent (~> 2.1.12)
  - OpenSSL-Universal (= 1.1.1100)
  - RCT-Folly (from `../node_modules/react-native/third-party-podspecs/RCT-Folly.podspec`)
  - RCTRequired (from `../node_modules/react-native/Libraries/RCTRequired`)
  - RCTTypeSafety (from `../node_modules/react-native/Libraries/TypeSafety`)
  - React (from `../node_modules/react-native/`)
  - React-bridging (from `../node_modules/react-native/ReactCommon`)
  - React-callinvoker (from `../node_modules/react-native/ReactCommon/callinvoker`)
  - React-Codegen (from `build/generated/ios`)
  - React-Core (from `../node_modules/react-native/`)
  - React-Core/DevSupport (from `../node_modules/react-native/`)
  - React-Core/RCTWebSocket (from `../node_modules/react-native/`)
  - React-CoreModules (from `../node_modules/react-native/React/CoreModules`)
  - React-cxxreact (from `../node_modules/react-native/ReactCommon/cxxreact`)
  - React-hermes (from `../node_modules/react-native/ReactCommon/hermes`)
  - React-jsi (from `../node_modules/react-native/ReactCommon/jsi`)
  - React-jsiexecutor (from `../node_modules/react-native/ReactCommon/jsiexecutor`)
  - React-jsinspector (from `../node_modules/react-native/ReactCommon/jsinspector`)
  - React-logger (from `../node_modules/react-native/ReactCommon/logger`)
  - react-native-app-auth (from `../node_modules/react-native-app-auth`)
  - react-native-encrypted-storage (from `../node_modules/react-native-encrypted-storage`)
  - "react-native-eventsource (from `../node_modules/@gpsgate/react-native-eventsource`)"
  - "react-native-netinfo (from `../node_modules/@react-native-community/netinfo`)"
  - react-native-notifications (from `../node_modules/react-native-notifications`)
  - react-native-pager-view (from `../node_modules/react-native-pager-view`)
  - react-native-render-html (from `../node_modules/react-native-render-html`)
  - react-native-restart (from `../node_modules/react-native-restart`)
  - react-native-safe-area-context (from `../node_modules/react-native-safe-area-context`)
  - react-native-video (from `../node_modules/react-native-video`)
  - react-native-webview (from `../node_modules/react-native-webview`)
  - React-perflogger (from `../node_modules/react-native/ReactCommon/reactperflogger`)
  - React-RCTActionSheet (from `../node_modules/react-native/Libraries/ActionSheetIOS`)
  - React-RCTAnimation (from `../node_modules/react-native/Libraries/NativeAnimation`)
  - React-RCTBlob (from `../node_modules/react-native/Libraries/Blob`)
  - React-RCTImage (from `../node_modules/react-native/Libraries/Image`)
  - React-RCTLinking (from `../node_modules/react-native/Libraries/LinkingIOS`)
  - React-RCTNetwork (from `../node_modules/react-native/Libraries/Network`)
  - React-RCTSettings (from `../node_modules/react-native/Libraries/Settings`)
  - React-RCTText (from `../node_modules/react-native/Libraries/Text`)
  - React-RCTVibration (from `../node_modules/react-native/Libraries/Vibration`)
  - React-runtimeexecutor (from `../node_modules/react-native/ReactCommon/runtimeexecutor`)
  - ReactCommon/turbomodule/core (from `../node_modules/react-native/ReactCommon`)
  - "RNCAsyncStorage (from `../node_modules/@react-native-async-storage/async-storage`)"
  - RNDeviceInfo (from `../node_modules/react-native-device-info`)
  - RNFastImage (from `../node_modules/react-native-fast-image`)
  - RNGestureHandler (from `../node_modules/react-native-gesture-handler`)
  - RNImageCropPicker (from `../node_modules/react-native-image-crop-picker`)
  - RNKeychain (from `../node_modules/react-native-keychain`)
  - RNReanimated (from `../node_modules/react-native-reanimated`)
  - RNScreens (from `../node_modules/react-native-screens`)
  - RNSVG (from `../node_modules/react-native-svg`)
  - RNVectorIcons (from `../node_modules/react-native-vector-icons`)
  - Yoga (from `../node_modules/react-native/ReactCommon/yoga`)

SPEC REPOS:
  trunk:
    - AppAuth
    - CocoaAsyncSocket
    - Flipper
    - Flipper-Boost-iOSX
    - Flipper-DoubleConversion
    - Flipper-Fmt
    - Flipper-Folly
    - Flipper-Glog
    - Flipper-PeerTalk
    - Flipper-RSocket
    - FlipperKit
    - fmt
    - libevent
    - libwebp
    - OpenSSL-Universal
    - SDWebImage
    - SDWebImageWebPCoder
    - SocketRocket
    - TOCropViewController
    - YogaKit

EXTERNAL SOURCES:
  boost:
    :podspec: "../node_modules/react-native/third-party-podspecs/boost.podspec"
  BugsnagReactNative:
    :path: "../node_modules/@bugsnag/react-native"
  BVLinearGradient:
    :path: "../node_modules/react-native-linear-gradient"
  DoubleConversion:
    :podspec: "../node_modules/react-native/third-party-podspecs/DoubleConversion.podspec"
  FBLazyVector:
    :path: "../node_modules/react-native/Libraries/FBLazyVector"
  FBReactNativeSpec:
    :path: "../node_modules/react-native/React/FBReactNativeSpec"
  glog:
    :podspec: "../node_modules/react-native/third-party-podspecs/glog.podspec"
  hermes-engine:
    :podspec: "../node_modules/react-native/sdks/hermes/hermes-engine.podspec"
  RCT-Folly:
    :podspec: "../node_modules/react-native/third-party-podspecs/RCT-Folly.podspec"
  RCTRequired:
    :path: "../node_modules/react-native/Libraries/RCTRequired"
  RCTTypeSafety:
    :path: "../node_modules/react-native/Libraries/TypeSafety"
  React:
    :path: "../node_modules/react-native/"
  React-bridging:
    :path: "../node_modules/react-native/ReactCommon"
  React-callinvoker:
    :path: "../node_modules/react-native/ReactCommon/callinvoker"
  React-Codegen:
    :path: build/generated/ios
  React-Core:
    :path: "../node_modules/react-native/"
  React-CoreModules:
    :path: "../node_modules/react-native/React/CoreModules"
  React-cxxreact:
    :path: "../node_modules/react-native/ReactCommon/cxxreact"
  React-hermes:
    :path: "../node_modules/react-native/ReactCommon/hermes"
  React-jsi:
    :path: "../node_modules/react-native/ReactCommon/jsi"
  React-jsiexecutor:
    :path: "../node_modules/react-native/ReactCommon/jsiexecutor"
  React-jsinspector:
    :path: "../node_modules/react-native/ReactCommon/jsinspector"
  React-logger:
    :path: "../node_modules/react-native/ReactCommon/logger"
  react-native-app-auth:
    :path: "../node_modules/react-native-app-auth"
  react-native-encrypted-storage:
    :path: "../node_modules/react-native-encrypted-storage"
  react-native-eventsource:
    :path: "../node_modules/@gpsgate/react-native-eventsource"
  react-native-netinfo:
    :path: "../node_modules/@react-native-community/netinfo"
  react-native-notifications:
    :path: "../node_modules/react-native-notifications"
  react-native-pager-view:
    :path: "../node_modules/react-native-pager-view"
  react-native-render-html:
    :path: "../node_modules/react-native-render-html"
  react-native-restart:
    :path: "../node_modules/react-native-restart"
  react-native-safe-area-context:
    :path: "../node_modules/react-native-safe-area-context"
  react-native-video:
    :path: "../node_modules/react-native-video"
  react-native-webview:
    :path: "../node_modules/react-native-webview"
  React-perflogger:
    :path: "../node_modules/react-native/ReactCommon/reactperflogger"
  React-RCTActionSheet:
    :path: "../node_modules/react-native/Libraries/ActionSheetIOS"
  React-RCTAnimation:
    :path: "../node_modules/react-native/Libraries/NativeAnimation"
  React-RCTBlob:
    :path: "../node_modules/react-native/Libraries/Blob"
  React-RCTImage:
    :path: "../node_modules/react-native/Libraries/Image"
  React-RCTLinking:
    :path: "../node_modules/react-native/Libraries/LinkingIOS"
  React-RCTNetwork:
    :path: "../node_modules/react-native/Libraries/Network"
  React-RCTSettings:
    :path: "../node_modules/react-native/Libraries/Settings"
  React-RCTText:
    :path: "../node_modules/react-native/Libraries/Text"
  React-RCTVibration:
    :path: "../node_modules/react-native/Libraries/Vibration"
  React-runtimeexecutor:
    :path: "../node_modules/react-native/ReactCommon/runtimeexecutor"
  ReactCommon:
    :path: "../node_modules/react-native/ReactCommon"
  RNCAsyncStorage:
    :path: "../node_modules/@react-native-async-storage/async-storage"
  RNDeviceInfo:
    :path: "../node_modules/react-native-device-info"
  RNFastImage:
    :path: "../node_modules/react-native-fast-image"
  RNGestureHandler:
    :path: "../node_modules/react-native-gesture-handler"
  RNImageCropPicker:
    :path: "../node_modules/react-native-image-crop-picker"
  RNKeychain:
    :path: "../node_modules/react-native-keychain"
  RNReanimated:
    :path: "../node_modules/react-native-reanimated"
  RNScreens:
    :path: "../node_modules/react-native-screens"
  RNSVG:
    :path: "../node_modules/react-native-svg"
  RNVectorIcons:
    :path: "../node_modules/react-native-vector-icons"
  Yoga:
    :path: "../node_modules/react-native/ReactCommon/yoga"

SPEC CHECKSUMS:
  AppAuth: 31bcec809a638d7bd2f86ea8a52bd45f6e81e7c7
  boost: a7c83b31436843459a1961bfd74b96033dc77234
  BugsnagReactNative: bd1c905fb868fae8448a913b87356dbf2b02dc80
  BVLinearGradient: 34a999fda29036898a09c6a6b728b0b4189e1a44
  CocoaAsyncSocket: 065fd1e645c7abab64f7a6a2007a48038fdc6a99
  DoubleConversion: 831926d9b8bf8166fd87886c4abab286c2422662
  FBLazyVector: 068141206af867f72854753423d0117c4bf53419
  FBReactNativeSpec: 546a637adc797fa436dd51d1c63c580f820de31c
  Flipper: a7bf5e73cf5daf9d23aec964de2f5cb504d44a3f
  Flipper-Boost-iOSX: fd1e2b8cbef7e662a122412d7ac5f5bea715403c
  Flipper-DoubleConversion: 2dc99b02f658daf147069aad9dbd29d8feb06d30
  Flipper-Fmt: 60cbdd92fc254826e61d669a5d87ef7015396a9b
  Flipper-Folly: 584845625005ff068a6ebf41f857f468decd26b3
  Flipper-Glog: 70c50ce58ddaf67dc35180db05f191692570f446
  Flipper-PeerTalk: 116d8f857dc6ef55c7a5a75ea3ceaafe878aadc9
  Flipper-RSocket: d9d9ade67cbecf6ac10730304bf5607266dd2541
  FlipperKit: 180dbb249cff246596a88840fd99a157ce66ea58
  fmt: ff9d55029c625d3757ed641535fd4a75fedc7ce9
  glog: 476ee3e89abb49e07f822b48323c51c57124b572
  hermes-engine: ece2bfa9bdb7f77f393cb2b41edf638eb086ec1a
  libevent: 4049cae6c81cdb3654a443be001fb9bdceff7913
  libwebp: f62cb61d0a484ba548448a4bd52aabf150ff6eef
  OpenSSL-Universal: ebc357f1e6bc71fa463ccb2fe676756aff50e88c
  RCT-Folly: 4d8508a426467c48885f1151029bc15fa5d7b3b8
  RCTRequired: ae07282b2ec9c90d7eb98251603bc3f82403d239
  RCTTypeSafety: a04dc1339af2e1da759ccd093bf11c310dce1ef6
  React: dbd201f781b180eab148aa961683943c72f67dcf
  React-bridging: 10a863fdc0fc6f9c9f8527640936b293cd288bdc
  React-callinvoker: 6ad32eee2630dab9023de5df2a6a8cacbfc99a67
  React-Codegen: fe3423fa6f37d05e233ab0e85e34fe0b443a5654
  React-Core: 6177b1f2dd794fe202a5042d3678b2ddfcbfb7d4
  React-CoreModules: c74e6b155f9876b1947fc8a13f0cb437cc7f6dcd
  React-cxxreact: a07b7d90c4c71dd38c7383c7344b34d0a1336aee
  React-hermes: 7e3687d19af44c3c53ad6acfad4f8fa53009d11b
  React-jsi: d762c410d10830b7579225c78f2fd881c29649ca
  React-jsiexecutor: 758e70947c232828a66b5ddc42d02b4d010fa26e
  React-jsinspector: 55605caf04e02f9b0e05842b786f1c12dde08f4b
  React-logger: ca970551cb7eea2fd814d0d5f6fc1a471eb53b76
  react-native-app-auth: fd1eaa667c0bc014199456d14a6440cb74de814e
  react-native-encrypted-storage: db300a3f2f0aba1e818417c1c0a6be549038deb7
  react-native-eventsource: fea4e2c2505d19660b312406ce45dbb3fe68fd35
  react-native-netinfo: 2517ad504b3d303e90d7a431b0fcaef76d207983
  react-native-notifications: 83b4fd4a127a6c918fc846cae90da60f84819e44
  react-native-pager-view: 3ee7d4c7697fb3ef788346e834a60cca97ed8540
  react-native-render-html: 984dfe2294163d04bf5fe25d7c9f122e60e05ebe
  react-native-restart: 45c8dca02491980f2958595333cbccd6877cb57e
  react-native-safe-area-context: 99b24a0c5acd0d5dcac2b1a7f18c49ea317be99a
  react-native-video: a4c2635d0802f983594b7057e1bce8f442f0ad28
  react-native-webview: 380c1a03ec94b7ed764dac8db1e7c9952d08c93a
  React-perflogger: c9161ff0f1c769993cd11d2751e4331ff4ceb7cd
  React-RCTActionSheet: 2d885b0bea76a5254ef852939273edd8de116180
  React-RCTAnimation: 353fa4fc3c19060068832dd32e555182ec07be45
  React-RCTBlob: 647da863bc7d4f169bb80463fbcdd59c4fc76e6a
  React-RCTImage: e77ee8d85f21ad5f4704e3ef67656903f45f9e76
  React-RCTLinking: 3dad213f5ef5798b9491037aebe84e8ad684d4c4
  React-RCTNetwork: ebbb9581d8fdc91596a4ee5e9f9ae37d5f1e13b9
  React-RCTSettings: a5e7f3f1d1b38be8bf9baa89228c5af98244f9ee
  React-RCTText: 209576913f7eccd84425ea3f3813772f1f66e1e4
  React-RCTVibration: e8b7dd6635cc95689b5db643b5a3848f1e05b30b
  React-runtimeexecutor: 27f468c5576eaf05ffb7a907528e44c75a3fcbae
  ReactCommon: e30ec17dfb1d4c4f3419eac254350d6abca6d5a2
  RNCAsyncStorage: 8616bd5a58af409453ea4e1b246521bb76578d60
  RNDeviceInfo: 4944cf8787b9c5bffaf301fda68cc1a2ec003341
  RNFastImage: 5c9c9fed9c076e521b3f509fe79e790418a544e8
  RNGestureHandler: 62232ba8f562f7dea5ba1b3383494eb5bf97a4d3
  RNImageCropPicker: 648356d68fbf9911a1016b3e3723885d28373eda
  RNKeychain: ff836453cba46938e0e9e4c22e43d43fa2c90333
  RNReanimated: f0d66bda3d074c43c72a18f4fd4f4c26687bc1fd
  RNScreens: 34cc502acf1b916c582c60003dc3089fa01dc66d
  RNSVG: 8ba35cbeb385a52fd960fd28db9d7d18b4c2974f
  RNVectorIcons: 7923e585eaeb139b9f4531d25a125a1500162a0b
  SDWebImage: a7f831e1a65eb5e285e3fb046a23fcfbf08e696d
  SDWebImageWebPCoder: 908b83b6adda48effe7667cd2b7f78c897e5111d
  SocketRocket: fccef3f9c5cedea1353a9ef6ada904fde10d6608
  TOCropViewController: edfd4f25713d56905ad1e0b9f5be3fbe0f59c863
  Yoga: 7ab6e3ee4ce47d7b789d1cb520163833e515f452
  YogaKit: f782866e155069a2cca2517aafea43200b01fd5a

PODFILE CHECKSUM: 467672086224aa179d78e2967bf5d838bb210a47

COCOAPODS: 1.11.3
