PODS:
  - AppAuth (1.4.0):
    - AppAuth/Core (= 1.4.0)
    - AppAuth/ExternalUserAgent (= 1.4.0)
  - AppAuth/Core (1.4.0)
  - AppAuth/ExternalUserAgent (1.4.0)
  - boost (1.76.0)
  - BugsnagReactNative (7.22.2):
    - React-Core
  - BVLinearGradient (2.6.2):
    - React-Core
  - DoubleConversion (1.1.6)
  - FBLazyVector (0.72.14)
  - FBReactNativeSpec (0.72.14):
    - RCT-Folly (= 2021.07.22.00)
    - RCTRequired (= 0.72.14)
    - RCTTypeSafety (= 0.72.14)
    - React-Core (= 0.72.14)
    - React-jsi (= 0.72.14)
    - ReactCommon/turbomodule/core (= 0.72.14)
  - fmt (6.2.1)
  - glog (0.3.5)
  - hermes-engine (0.72.14):
    - hermes-engine/Pre-built (= 0.72.14)
  - hermes-engine/Pre-built (0.72.14)
  - libevent (2.1.12)
  - libwebp (1.3.2):
    - libwebp/demux (= 1.3.2)
    - libwebp/mux (= 1.3.2)
    - libwebp/sharpyuv (= 1.3.2)
    - libwebp/webp (= 1.3.2)
  - libwebp/demux (1.3.2):
    - libwebp/webp
  - libwebp/mux (1.3.2):
    - libwebp/demux
  - libwebp/sharpyuv (1.3.2)
  - libwebp/webp (1.3.2):
    - libwebp/sharpyuv
  - RCT-Folly (2021.07.22.00):
    - boost
    - DoubleConversion
    - fmt (~> 6.2.1)
    - glog
    - RCT-Folly/Default (= 2021.07.22.00)
  - RCT-Folly/Default (2021.07.22.00):
    - boost
    - DoubleConversion
    - fmt (~> 6.2.1)
    - glog
  - RCT-Folly/Futures (2021.07.22.00):
    - boost
    - DoubleConversion
    - fmt (~> 6.2.1)
    - glog
    - libevent
  - RCTRequired (0.72.14)
  - RCTTypeSafety (0.72.14):
    - FBLazyVector (= 0.72.14)
    - RCTRequired (= 0.72.14)
    - React-Core (= 0.72.14)
  - React (0.72.14):
    - React-Core (= 0.72.14)
    - React-Core/DevSupport (= 0.72.14)
    - React-Core/RCTWebSocket (= 0.72.14)
    - React-RCTActionSheet (= 0.72.14)
    - React-RCTAnimation (= 0.72.14)
    - React-RCTBlob (= 0.72.14)
    - React-RCTImage (= 0.72.14)
    - React-RCTLinking (= 0.72.14)
    - React-RCTNetwork (= 0.72.14)
    - React-RCTSettings (= 0.72.14)
    - React-RCTText (= 0.72.14)
    - React-RCTVibration (= 0.72.14)
  - React-callinvoker (0.72.14)
  - React-Codegen (0.72.14):
    - DoubleConversion
    - FBReactNativeSpec
    - glog
    - hermes-engine
    - RCT-Folly
    - RCTRequired
    - RCTTypeSafety
    - React-Core
    - React-jsi
    - React-jsiexecutor
    - React-NativeModulesApple
    - React-rncore
    - ReactCommon/turbomodule/bridging
    - ReactCommon/turbomodule/core
  - React-Core (0.72.14):
    - glog
    - hermes-engine
    - RCT-Folly (= 2021.07.22.00)
    - React-Core/Default (= 0.72.14)
    - React-cxxreact
    - React-hermes
    - React-jsi
    - React-jsiexecutor
    - React-perflogger
    - React-runtimeexecutor
    - React-utils
    - SocketRocket (= 0.6.1)
    - Yoga
  - React-Core/CoreModulesHeaders (0.72.14):
    - glog
    - hermes-engine
    - RCT-Folly (= 2021.07.22.00)
    - React-Core/Default
    - React-cxxreact
    - React-hermes
    - React-jsi
    - React-jsiexecutor
    - React-perflogger
    - React-runtimeexecutor
    - React-utils
    - SocketRocket (= 0.6.1)
    - Yoga
  - React-Core/Default (0.72.14):
    - glog
    - hermes-engine
    - RCT-Folly (= 2021.07.22.00)
    - React-cxxreact
    - React-hermes
    - React-jsi
    - React-jsiexecutor
    - React-perflogger
    - React-runtimeexecutor
    - React-utils
    - SocketRocket (= 0.6.1)
    - Yoga
  - React-Core/DevSupport (0.72.14):
    - glog
    - hermes-engine
    - RCT-Folly (= 2021.07.22.00)
    - React-Core/Default (= 0.72.14)
    - React-Core/RCTWebSocket (= 0.72.14)
    - React-cxxreact
    - React-hermes
    - React-jsi
    - React-jsiexecutor
    - React-jsinspector (= 0.72.14)
    - React-perflogger
    - React-runtimeexecutor
    - React-utils
    - SocketRocket (= 0.6.1)
    - Yoga
  - React-Core/RCTActionSheetHeaders (0.72.14):
    - glog
    - hermes-engine
    - RCT-Folly (= 2021.07.22.00)
    - React-Core/Default
    - React-cxxreact
    - React-hermes
    - React-jsi
    - React-jsiexecutor
    - React-perflogger
    - React-runtimeexecutor
    - React-utils
    - SocketRocket (= 0.6.1)
    - Yoga
  - React-Core/RCTAnimationHeaders (0.72.14):
    - glog
    - hermes-engine
    - RCT-Folly (= 2021.07.22.00)
    - React-Core/Default
    - React-cxxreact
    - React-hermes
    - React-jsi
    - React-jsiexecutor
    - React-perflogger
    - React-runtimeexecutor
    - React-utils
    - SocketRocket (= 0.6.1)
    - Yoga
  - React-Core/RCTBlobHeaders (0.72.14):
    - glog
    - hermes-engine
    - RCT-Folly (= 2021.07.22.00)
    - React-Core/Default
    - React-cxxreact
    - React-hermes
    - React-jsi
    - React-jsiexecutor
    - React-perflogger
    - React-runtimeexecutor
    - React-utils
    - SocketRocket (= 0.6.1)
    - Yoga
  - React-Core/RCTImageHeaders (0.72.14):
    - glog
    - hermes-engine
    - RCT-Folly (= 2021.07.22.00)
    - React-Core/Default
    - React-cxxreact
    - React-hermes
    - React-jsi
    - React-jsiexecutor
    - React-perflogger
    - React-runtimeexecutor
    - React-utils
    - SocketRocket (= 0.6.1)
    - Yoga
  - React-Core/RCTLinkingHeaders (0.72.14):
    - glog
    - hermes-engine
    - RCT-Folly (= 2021.07.22.00)
    - React-Core/Default
    - React-cxxreact
    - React-hermes
    - React-jsi
    - React-jsiexecutor
    - React-perflogger
    - React-runtimeexecutor
    - React-utils
    - SocketRocket (= 0.6.1)
    - Yoga
  - React-Core/RCTNetworkHeaders (0.72.14):
    - glog
    - hermes-engine
    - RCT-Folly (= 2021.07.22.00)
    - React-Core/Default
    - React-cxxreact
    - React-hermes
    - React-jsi
    - React-jsiexecutor
    - React-perflogger
    - React-runtimeexecutor
    - React-utils
    - SocketRocket (= 0.6.1)
    - Yoga
  - React-Core/RCTSettingsHeaders (0.72.14):
    - glog
    - hermes-engine
    - RCT-Folly (= 2021.07.22.00)
    - React-Core/Default
    - React-cxxreact
    - React-hermes
    - React-jsi
    - React-jsiexecutor
    - React-perflogger
    - React-runtimeexecutor
    - React-utils
    - SocketRocket (= 0.6.1)
    - Yoga
  - React-Core/RCTTextHeaders (0.72.14):
    - glog
    - hermes-engine
    - RCT-Folly (= 2021.07.22.00)
    - React-Core/Default
    - React-cxxreact
    - React-hermes
    - React-jsi
    - React-jsiexecutor
    - React-perflogger
    - React-runtimeexecutor
    - React-utils
    - SocketRocket (= 0.6.1)
    - Yoga
  - React-Core/RCTVibrationHeaders (0.72.14):
    - glog
    - hermes-engine
    - RCT-Folly (= 2021.07.22.00)
    - React-Core/Default
    - React-cxxreact
    - React-hermes
    - React-jsi
    - React-jsiexecutor
    - React-perflogger
    - React-runtimeexecutor
    - React-utils
    - SocketRocket (= 0.6.1)
    - Yoga
  - React-Core/RCTWebSocket (0.72.14):
    - glog
    - hermes-engine
    - RCT-Folly (= 2021.07.22.00)
    - React-Core/Default (= 0.72.14)
    - React-cxxreact
    - React-hermes
    - React-jsi
    - React-jsiexecutor
    - React-perflogger
    - React-runtimeexecutor
    - React-utils
    - SocketRocket (= 0.6.1)
    - Yoga
  - React-CoreModules (0.72.14):
    - RCT-Folly (= 2021.07.22.00)
    - RCTTypeSafety (= 0.72.14)
    - React-Codegen (= 0.72.14)
    - React-Core/CoreModulesHeaders (= 0.72.14)
    - React-jsi (= 0.72.14)
    - React-RCTBlob
    - React-RCTImage (= 0.72.14)
    - ReactCommon/turbomodule/core (= 0.72.14)
    - SocketRocket (= 0.6.1)
  - React-cxxreact (0.72.14):
    - boost (= 1.76.0)
    - DoubleConversion
    - glog
    - hermes-engine
    - RCT-Folly (= 2021.07.22.00)
    - React-callinvoker (= 0.72.14)
    - React-debug (= 0.72.14)
    - React-jsi (= 0.72.14)
    - React-jsinspector (= 0.72.14)
    - React-logger (= 0.72.14)
    - React-perflogger (= 0.72.14)
    - React-runtimeexecutor (= 0.72.14)
  - React-debug (0.72.14)
  - React-hermes (0.72.14):
    - DoubleConversion
    - glog
    - hermes-engine
    - RCT-Folly (= 2021.07.22.00)
    - RCT-Folly/Futures (= 2021.07.22.00)
    - React-cxxreact (= 0.72.14)
    - React-jsi
    - React-jsiexecutor (= 0.72.14)
    - React-jsinspector (= 0.72.14)
    - React-perflogger (= 0.72.14)
  - React-jsi (0.72.14):
    - boost (= 1.76.0)
    - DoubleConversion
    - glog
    - hermes-engine
    - RCT-Folly (= 2021.07.22.00)
  - React-jsiexecutor (0.72.14):
    - DoubleConversion
    - glog
    - hermes-engine
    - RCT-Folly (= 2021.07.22.00)
    - React-cxxreact (= 0.72.14)
    - React-jsi (= 0.72.14)
    - React-perflogger (= 0.72.14)
  - React-jsinspector (0.72.14)
  - React-logger (0.72.14):
    - glog
  - react-native-app-auth (6.4.3):
    - AppAuth (= 1.4.0)
    - React-Core
  - react-native-document-picker (9.2.0):
    - React-Core
  - react-native-encrypted-storage (4.0.3):
    - React-Core
  - react-native-eventsource (0.0.1):
    - React
  - react-native-ios-context-menu (1.15.3):
    - React-Core
  - react-native-netinfo (9.3.7):
    - React-Core
  - react-native-notifications (4.3.3):
    - React-Core
  - react-native-pager-view (6.2.0):
    - React-Core
  - react-native-render-html (6.3.4):
    - React-Core
  - react-native-restart (0.0.24):
    - React-Core
  - react-native-safe-area-context (4.4.1):
    - RCT-Folly
    - RCTRequired
    - RCTTypeSafety
    - React-Core
    - ReactCommon/turbomodule/core
  - react-native-video (5.2.1):
    - React-Core
    - react-native-video/Video (= 5.2.1)
  - react-native-video/Video (5.2.1):
    - React-Core
  - react-native-webview (13.8.6):
    - RCT-Folly (= 2021.07.22.00)
    - React-Core
  - React-NativeModulesApple (0.72.14):
    - hermes-engine
    - React-callinvoker
    - React-Core
    - React-cxxreact
    - React-jsi
    - React-runtimeexecutor
    - ReactCommon/turbomodule/bridging
    - ReactCommon/turbomodule/core
  - React-perflogger (0.72.14)
  - React-RCTActionSheet (0.72.14):
    - React-Core/RCTActionSheetHeaders (= 0.72.14)
  - React-RCTAnimation (0.72.14):
    - RCT-Folly (= 2021.07.22.00)
    - RCTTypeSafety (= 0.72.14)
    - React-Codegen (= 0.72.14)
    - React-Core/RCTAnimationHeaders (= 0.72.14)
    - React-jsi (= 0.72.14)
    - ReactCommon/turbomodule/core (= 0.72.14)
  - React-RCTAppDelegate (0.72.14):
    - RCT-Folly
    - RCTRequired
    - RCTTypeSafety
    - React-Core
    - React-CoreModules
    - React-hermes
    - React-NativeModulesApple
    - React-RCTImage
    - React-RCTNetwork
    - React-runtimescheduler
    - ReactCommon/turbomodule/core
  - React-RCTBlob (0.72.14):
    - hermes-engine
    - RCT-Folly (= 2021.07.22.00)
    - React-Codegen (= 0.72.14)
    - React-Core/RCTBlobHeaders (= 0.72.14)
    - React-Core/RCTWebSocket (= 0.72.14)
    - React-jsi (= 0.72.14)
    - React-RCTNetwork (= 0.72.14)
    - ReactCommon/turbomodule/core (= 0.72.14)
  - React-RCTImage (0.72.14):
    - RCT-Folly (= 2021.07.22.00)
    - RCTTypeSafety (= 0.72.14)
    - React-Codegen (= 0.72.14)
    - React-Core/RCTImageHeaders (= 0.72.14)
    - React-jsi (= 0.72.14)
    - React-RCTNetwork (= 0.72.14)
    - ReactCommon/turbomodule/core (= 0.72.14)
  - React-RCTLinking (0.72.14):
    - React-Codegen (= 0.72.14)
    - React-Core/RCTLinkingHeaders (= 0.72.14)
    - React-jsi (= 0.72.14)
    - ReactCommon/turbomodule/core (= 0.72.14)
  - React-RCTNetwork (0.72.14):
    - RCT-Folly (= 2021.07.22.00)
    - RCTTypeSafety (= 0.72.14)
    - React-Codegen (= 0.72.14)
    - React-Core/RCTNetworkHeaders (= 0.72.14)
    - React-jsi (= 0.72.14)
    - ReactCommon/turbomodule/core (= 0.72.14)
  - React-RCTSettings (0.72.14):
    - RCT-Folly (= 2021.07.22.00)
    - RCTTypeSafety (= 0.72.14)
    - React-Codegen (= 0.72.14)
    - React-Core/RCTSettingsHeaders (= 0.72.14)
    - React-jsi (= 0.72.14)
    - ReactCommon/turbomodule/core (= 0.72.14)
  - React-RCTText (0.72.14):
    - React-Core/RCTTextHeaders (= 0.72.14)
  - React-RCTVibration (0.72.14):
    - RCT-Folly (= 2021.07.22.00)
    - React-Codegen (= 0.72.14)
    - React-Core/RCTVibrationHeaders (= 0.72.14)
    - React-jsi (= 0.72.14)
    - ReactCommon/turbomodule/core (= 0.72.14)
  - React-rncore (0.72.14)
  - React-runtimeexecutor (0.72.14):
    - React-jsi (= 0.72.14)
  - React-runtimescheduler (0.72.14):
    - glog
    - hermes-engine
    - RCT-Folly (= 2021.07.22.00)
    - React-callinvoker
    - React-debug
    - React-jsi
    - React-runtimeexecutor
  - React-utils (0.72.14):
    - glog
    - RCT-Folly (= 2021.07.22.00)
    - React-debug
  - ReactCommon/turbomodule/bridging (0.72.14):
    - DoubleConversion
    - glog
    - hermes-engine
    - RCT-Folly (= 2021.07.22.00)
    - React-callinvoker (= 0.72.14)
    - React-cxxreact (= 0.72.14)
    - React-jsi (= 0.72.14)
    - React-logger (= 0.72.14)
    - React-perflogger (= 0.72.14)
  - ReactCommon/turbomodule/core (0.72.14):
    - DoubleConversion
    - glog
    - hermes-engine
    - RCT-Folly (= 2021.07.22.00)
    - React-callinvoker (= 0.72.14)
    - React-cxxreact (= 0.72.14)
    - React-jsi (= 0.72.14)
    - React-logger (= 0.72.14)
    - React-perflogger (= 0.72.14)
  - RNCAsyncStorage (1.18.2):
    - React-Core
  - RNCMaskedView (0.2.9):
    - React-Core
  - RNDeviceInfo (10.11.0):
    - React-Core
  - RNFastImage (8.6.3):
    - React-Core
    - SDWebImage (~> 5.11.1)
    - SDWebImageWebPCoder (~> 0.8.4)
  - RNGestureHandler (2.12.0):
    - React-Core
  - RNImageCropPicker (0.38.1):
    - React-Core
    - React-RCTImage
    - RNImageCropPicker/QBImagePickerController (= 0.38.1)
    - TOCropViewController
  - RNImageCropPicker/QBImagePickerController (0.38.1):
    - React-Core
    - React-RCTImage
    - TOCropViewController
  - RNReanimated (3.3.0):
    - DoubleConversion
    - FBLazyVector
    - glog
    - hermes-engine
    - RCT-Folly
    - RCTRequired
    - RCTTypeSafety
    - React-callinvoker
    - React-Core
    - React-Core/DevSupport
    - React-Core/RCTWebSocket
    - React-CoreModules
    - React-cxxreact
    - React-hermes
    - React-jsi
    - React-jsiexecutor
    - React-jsinspector
    - React-RCTActionSheet
    - React-RCTAnimation
    - React-RCTAppDelegate
    - React-RCTBlob
    - React-RCTImage
    - React-RCTLinking
    - React-RCTNetwork
    - React-RCTSettings
    - React-RCTText
    - ReactCommon/turbomodule/core
    - Yoga
  - RNScreens (3.18.2):
    - React-Core
    - React-RCTImage
  - RNSVG (13.9.0):
    - React-Core
  - RNVectorIcons (9.2.0):
    - React-Core
  - SDWebImage (5.11.1):
    - SDWebImage/Core (= 5.11.1)
  - SDWebImage/Core (5.11.1)
  - SDWebImageWebPCoder (0.8.5):
    - libwebp (~> 1.0)
    - SDWebImage/Core (~> 5.10)
  - SocketRocket (0.6.1)
  - TOCropViewController (2.7.4)
  - Yoga (1.14.0)

DEPENDENCIES:
  - boost (from `../node_modules/react-native/third-party-podspecs/boost.podspec`)
  - "BugsnagReactNative (from `../node_modules/@bugsnag/react-native`)"
  - BVLinearGradient (from `../node_modules/react-native-linear-gradient`)
  - DoubleConversion (from `../node_modules/react-native/third-party-podspecs/DoubleConversion.podspec`)
  - FBLazyVector (from `../node_modules/react-native/Libraries/FBLazyVector`)
  - FBReactNativeSpec (from `../node_modules/react-native/React/FBReactNativeSpec`)
  - glog (from `../node_modules/react-native/third-party-podspecs/glog.podspec`)
  - hermes-engine (from `../node_modules/react-native/sdks/hermes-engine/hermes-engine.podspec`)
  - libevent (~> 2.1.12)
  - RCT-Folly (from `../node_modules/react-native/third-party-podspecs/RCT-Folly.podspec`)
  - RCTRequired (from `../node_modules/react-native/Libraries/RCTRequired`)
  - RCTTypeSafety (from `../node_modules/react-native/Libraries/TypeSafety`)
  - React (from `../node_modules/react-native/`)
  - React-callinvoker (from `../node_modules/react-native/ReactCommon/callinvoker`)
  - React-Codegen (from `build/generated/ios`)
  - React-Core (from `../node_modules/react-native/`)
  - React-Core/RCTWebSocket (from `../node_modules/react-native/`)
  - React-CoreModules (from `../node_modules/react-native/React/CoreModules`)
  - React-cxxreact (from `../node_modules/react-native/ReactCommon/cxxreact`)
  - React-debug (from `../node_modules/react-native/ReactCommon/react/debug`)
  - React-hermes (from `../node_modules/react-native/ReactCommon/hermes`)
  - React-jsi (from `../node_modules/react-native/ReactCommon/jsi`)
  - React-jsiexecutor (from `../node_modules/react-native/ReactCommon/jsiexecutor`)
  - React-jsinspector (from `../node_modules/react-native/ReactCommon/jsinspector`)
  - React-logger (from `../node_modules/react-native/ReactCommon/logger`)
  - react-native-app-auth (from `../node_modules/react-native-app-auth`)
  - react-native-document-picker (from `../node_modules/react-native-document-picker`)
  - react-native-encrypted-storage (from `../node_modules/react-native-encrypted-storage`)
  - "react-native-eventsource (from `../node_modules/@gpsgate/react-native-eventsource`)"
  - react-native-ios-context-menu (from `../node_modules/react-native-ios-context-menu`)
  - "react-native-netinfo (from `../node_modules/@react-native-community/netinfo`)"
  - react-native-notifications (from `../node_modules/react-native-notifications`)
  - react-native-pager-view (from `../node_modules/react-native-pager-view`)
  - react-native-render-html (from `../node_modules/react-native-render-html`)
  - react-native-restart (from `../node_modules/react-native-restart`)
  - react-native-safe-area-context (from `../node_modules/react-native-safe-area-context`)
  - react-native-video (from `../node_modules/react-native-video`)
  - react-native-webview (from `../node_modules/react-native-webview`)
  - React-NativeModulesApple (from `../node_modules/react-native/ReactCommon/react/nativemodule/core/platform/ios`)
  - React-perflogger (from `../node_modules/react-native/ReactCommon/reactperflogger`)
  - React-RCTActionSheet (from `../node_modules/react-native/Libraries/ActionSheetIOS`)
  - React-RCTAnimation (from `../node_modules/react-native/Libraries/NativeAnimation`)
  - React-RCTAppDelegate (from `../node_modules/react-native/Libraries/AppDelegate`)
  - React-RCTBlob (from `../node_modules/react-native/Libraries/Blob`)
  - React-RCTImage (from `../node_modules/react-native/Libraries/Image`)
  - React-RCTLinking (from `../node_modules/react-native/Libraries/LinkingIOS`)
  - React-RCTNetwork (from `../node_modules/react-native/Libraries/Network`)
  - React-RCTSettings (from `../node_modules/react-native/Libraries/Settings`)
  - React-RCTText (from `../node_modules/react-native/Libraries/Text`)
  - React-RCTVibration (from `../node_modules/react-native/Libraries/Vibration`)
  - React-rncore (from `../node_modules/react-native/ReactCommon`)
  - React-runtimeexecutor (from `../node_modules/react-native/ReactCommon/runtimeexecutor`)
  - React-runtimescheduler (from `../node_modules/react-native/ReactCommon/react/renderer/runtimescheduler`)
  - React-utils (from `../node_modules/react-native/ReactCommon/react/utils`)
  - ReactCommon/turbomodule/core (from `../node_modules/react-native/ReactCommon`)
  - "RNCAsyncStorage (from `../node_modules/@react-native-async-storage/async-storage`)"
  - "RNCMaskedView (from `../node_modules/@react-native-masked-view/masked-view`)"
  - RNDeviceInfo (from `../node_modules/react-native-device-info`)
  - RNFastImage (from `../node_modules/react-native-fast-image`)
  - RNGestureHandler (from `../node_modules/react-native-gesture-handler`)
  - RNImageCropPicker (from `../node_modules/react-native-image-crop-picker`)
  - RNReanimated (from `../node_modules/react-native-reanimated`)
  - RNScreens (from `../node_modules/react-native-screens`)
  - RNSVG (from `../node_modules/react-native-svg`)
  - RNVectorIcons (from `../node_modules/react-native-vector-icons`)
  - Yoga (from `../node_modules/react-native/ReactCommon/yoga`)

SPEC REPOS:
  trunk:
    - AppAuth
    - fmt
    - libevent
    - libwebp
    - SDWebImage
    - SDWebImageWebPCoder
    - SocketRocket
    - TOCropViewController

EXTERNAL SOURCES:
  boost:
    :podspec: "../node_modules/react-native/third-party-podspecs/boost.podspec"
  BugsnagReactNative:
    :path: "../node_modules/@bugsnag/react-native"
  BVLinearGradient:
    :path: "../node_modules/react-native-linear-gradient"
  DoubleConversion:
    :podspec: "../node_modules/react-native/third-party-podspecs/DoubleConversion.podspec"
  FBLazyVector:
    :path: "../node_modules/react-native/Libraries/FBLazyVector"
  FBReactNativeSpec:
    :path: "../node_modules/react-native/React/FBReactNativeSpec"
  glog:
    :podspec: "../node_modules/react-native/third-party-podspecs/glog.podspec"
  hermes-engine:
    :podspec: "../node_modules/react-native/sdks/hermes-engine/hermes-engine.podspec"
  RCT-Folly:
    :podspec: "../node_modules/react-native/third-party-podspecs/RCT-Folly.podspec"
  RCTRequired:
    :path: "../node_modules/react-native/Libraries/RCTRequired"
  RCTTypeSafety:
    :path: "../node_modules/react-native/Libraries/TypeSafety"
  React:
    :path: "../node_modules/react-native/"
  React-callinvoker:
    :path: "../node_modules/react-native/ReactCommon/callinvoker"
  React-Codegen:
    :path: build/generated/ios
  React-Core:
    :path: "../node_modules/react-native/"
  React-CoreModules:
    :path: "../node_modules/react-native/React/CoreModules"
  React-cxxreact:
    :path: "../node_modules/react-native/ReactCommon/cxxreact"
  React-debug:
    :path: "../node_modules/react-native/ReactCommon/react/debug"
  React-hermes:
    :path: "../node_modules/react-native/ReactCommon/hermes"
  React-jsi:
    :path: "../node_modules/react-native/ReactCommon/jsi"
  React-jsiexecutor:
    :path: "../node_modules/react-native/ReactCommon/jsiexecutor"
  React-jsinspector:
    :path: "../node_modules/react-native/ReactCommon/jsinspector"
  React-logger:
    :path: "../node_modules/react-native/ReactCommon/logger"
  react-native-app-auth:
    :path: "../node_modules/react-native-app-auth"
  react-native-document-picker:
    :path: "../node_modules/react-native-document-picker"
  react-native-encrypted-storage:
    :path: "../node_modules/react-native-encrypted-storage"
  react-native-eventsource:
    :path: "../node_modules/@gpsgate/react-native-eventsource"
  react-native-ios-context-menu:
    :path: "../node_modules/react-native-ios-context-menu"
  react-native-netinfo:
    :path: "../node_modules/@react-native-community/netinfo"
  react-native-notifications:
    :path: "../node_modules/react-native-notifications"
  react-native-pager-view:
    :path: "../node_modules/react-native-pager-view"
  react-native-render-html:
    :path: "../node_modules/react-native-render-html"
  react-native-restart:
    :path: "../node_modules/react-native-restart"
  react-native-safe-area-context:
    :path: "../node_modules/react-native-safe-area-context"
  react-native-video:
    :path: "../node_modules/react-native-video"
  react-native-webview:
    :path: "../node_modules/react-native-webview"
  React-NativeModulesApple:
    :path: "../node_modules/react-native/ReactCommon/react/nativemodule/core/platform/ios"
  React-perflogger:
    :path: "../node_modules/react-native/ReactCommon/reactperflogger"
  React-RCTActionSheet:
    :path: "../node_modules/react-native/Libraries/ActionSheetIOS"
  React-RCTAnimation:
    :path: "../node_modules/react-native/Libraries/NativeAnimation"
  React-RCTAppDelegate:
    :path: "../node_modules/react-native/Libraries/AppDelegate"
  React-RCTBlob:
    :path: "../node_modules/react-native/Libraries/Blob"
  React-RCTImage:
    :path: "../node_modules/react-native/Libraries/Image"
  React-RCTLinking:
    :path: "../node_modules/react-native/Libraries/LinkingIOS"
  React-RCTNetwork:
    :path: "../node_modules/react-native/Libraries/Network"
  React-RCTSettings:
    :path: "../node_modules/react-native/Libraries/Settings"
  React-RCTText:
    :path: "../node_modules/react-native/Libraries/Text"
  React-RCTVibration:
    :path: "../node_modules/react-native/Libraries/Vibration"
  React-rncore:
    :path: "../node_modules/react-native/ReactCommon"
  React-runtimeexecutor:
    :path: "../node_modules/react-native/ReactCommon/runtimeexecutor"
  React-runtimescheduler:
    :path: "../node_modules/react-native/ReactCommon/react/renderer/runtimescheduler"
  React-utils:
    :path: "../node_modules/react-native/ReactCommon/react/utils"
  ReactCommon:
    :path: "../node_modules/react-native/ReactCommon"
  RNCAsyncStorage:
    :path: "../node_modules/@react-native-async-storage/async-storage"
  RNCMaskedView:
    :path: "../node_modules/@react-native-masked-view/masked-view"
  RNDeviceInfo:
    :path: "../node_modules/react-native-device-info"
  RNFastImage:
    :path: "../node_modules/react-native-fast-image"
  RNGestureHandler:
    :path: "../node_modules/react-native-gesture-handler"
  RNImageCropPicker:
    :path: "../node_modules/react-native-image-crop-picker"
  RNReanimated:
    :path: "../node_modules/react-native-reanimated"
  RNScreens:
    :path: "../node_modules/react-native-screens"
  RNSVG:
    :path: "../node_modules/react-native-svg"
  RNVectorIcons:
    :path: "../node_modules/react-native-vector-icons"
  Yoga:
    :path: "../node_modules/react-native/ReactCommon/yoga"

SPEC CHECKSUMS:
  AppAuth: 31bcec809a638d7bd2f86ea8a52bd45f6e81e7c7
  boost: 7dcd2de282d72e344012f7d6564d024930a6a440
  BugsnagReactNative: ca14503071d534fcfdcb5f2da08eca140963e5d0
  BVLinearGradient: 34a999fda29036898a09c6a6b728b0b4189e1a44
  DoubleConversion: 5189b271737e1565bdce30deb4a08d647e3f5f54
  FBLazyVector: d98eefb42c5a64cb28ef966bd9096c76770d8f24
  FBReactNativeSpec: 53d4eb00e8e1b6e987a3dd5906d2afe131cc54c8
  fmt: ff9d55029c625d3757ed641535fd4a75fedc7ce9
  glog: 04b94705f318337d7ead9e6d17c019bd9b1f6b1b
  hermes-engine: b213bace5f31766ad1434d2d9b2cbf04cf92a2b6
  libevent: 4049cae6c81cdb3654a443be001fb9bdceff7913
  libwebp: 1786c9f4ff8a279e4dac1e8f385004d5fc253009
  RCT-Folly: 424b8c9a7a0b9ab2886ffe9c3b041ef628fd4fb1
  RCTRequired: 264adaca1d8b1a9c078761891898d4142df05313
  RCTTypeSafety: 279a89da7058a69899778a127be73fab38b84499
  React: 725b4e11f6ffb43d6f9b14e82879073623db4071
  React-callinvoker: c2ba5e7e1187d0f37705b9dcaaf9bbf24d3fe9dc
  React-Codegen: 590303f222cffc109dc0d122854fa8281fa536b7
  React-Core: 89fe417d4957766ef20b4bec921a0721e914d988
  React-CoreModules: 57ea4ca8627be90b1a29916e0640d879e5684305
  React-cxxreact: 8bcd7336084fbaaad0304935896f2cb62659894d
  React-debug: d360c17c84e514b9143e78217072183d4fcfb9c0
  React-hermes: d2e7945d1b480a2e732d64303564d9870edf22e9
  React-jsi: 53bff70353449aa006546c00024736de3ed66219
  React-jsiexecutor: e9a70be9304ef2e66eeebac35710f958b076dc14
  React-jsinspector: 275d9f80210f15f0af9a4b7fd5683fab9738e28e
  React-logger: 8da4802de77a0eb62512396ad6bb1769904c2f0e
  react-native-app-auth: fd1eaa667c0bc014199456d14a6440cb74de814e
  react-native-document-picker: 2b3efb60622b7be891b8d0e0e5424632150e0c94
  react-native-encrypted-storage: db300a3f2f0aba1e818417c1c0a6be549038deb7
  react-native-eventsource: fea4e2c2505d19660b312406ce45dbb3fe68fd35
  react-native-ios-context-menu: e529171ba760a1af7f2ef0729f5a7f4d226171c5
  react-native-netinfo: 2517ad504b3d303e90d7a431b0fcaef76d207983
  react-native-notifications: 83b4fd4a127a6c918fc846cae90da60f84819e44
  react-native-pager-view: 0ccb8bf60e2ebd38b1f3669fa3650ecce81db2df
  react-native-render-html: 984dfe2294163d04bf5fe25d7c9f122e60e05ebe
  react-native-restart: 45c8dca02491980f2958595333cbccd6877cb57e
  react-native-safe-area-context: 99b24a0c5acd0d5dcac2b1a7f18c49ea317be99a
  react-native-video: c26780b224543c62d5e1b2a7244a5cd1b50e8253
  react-native-webview: 2ce07db2190ee7b3af77e8fac75ff47abe47089f
  React-NativeModulesApple: 3107f777453f953906d9ba9dc5f8cbd91a6ef913
  React-perflogger: daabc494c6328efc1784a4b49b8b74fca305d11c
  React-RCTActionSheet: 0e0e64a7cf6c07f1de73d1f0a92d26a70262b256
  React-RCTAnimation: faef65b19e73029c4828167985b0a7c01c62756d
  React-RCTAppDelegate: b24e761d235760656226364bb259e3f1508559c2
  React-RCTBlob: 9e9784a84b824b6d7e2cce05a8087c8c3a47a559
  React-RCTImage: 15e211cbb629210ab9c1fa37e07e7100362b12ed
  React-RCTLinking: 50d5faf19b02541cefb78ee5d505029283c8ef95
  React-RCTNetwork: dfa9fb4ad2ae459b9193a14204b1d9da907d15a7
  React-RCTSettings: 37611fa97d44a9c5a7ea844cfb953d3513f7ace0
  React-RCTText: 39ed334f64484d07b85a8159cf117814ff069ff6
  React-RCTVibration: 62462803b5fe0842e0be6d9ef86dd74e0df4a614
  React-rncore: 25ad3a3c1e0f4edf77913b9af3af9f497b7f99a5
  React-runtimeexecutor: e5c2f0a1493d72c61b97465ccfedc339157b3179
  React-runtimescheduler: f284b4fdad43fe811041129099f1339b54783135
  React-utils: 22a77b05da25ce49c744faa82e73856dcae1734e
  ReactCommon: ff94462e007c568d8cdebc32e3c97af86ec93bb5
  RNCAsyncStorage: ddc4ee162bfd41b0d2c68bf2d95acd81dd7f1f93
  RNCMaskedView: 949696f25ec596bfc697fc88e6f95cf0c79669b6
  RNDeviceInfo: bf8a32acbcb875f568217285d1793b0e8588c974
  RNFastImage: 5c9c9fed9c076e521b3f509fe79e790418a544e8
  RNGestureHandler: dec4645026e7401a0899f2846d864403478ff6a5
  RNImageCropPicker: 648356d68fbf9911a1016b3e3723885d28373eda
  RNReanimated: 9f7068e43b9358a46a688d94a5a3adb258139457
  RNScreens: 34cc502acf1b916c582c60003dc3089fa01dc66d
  RNSVG: 53c661b76829783cdaf9b7a57258f3d3b4c28315
  RNVectorIcons: fcc2f6cb32f5735b586e66d14103a74ce6ad61f8
  SDWebImage: a7f831e1a65eb5e285e3fb046a23fcfbf08e696d
  SDWebImageWebPCoder: 908b83b6adda48effe7667cd2b7f78c897e5111d
  SocketRocket: f32cd54efbe0f095c4d7594881e52619cfe80b17
  TOCropViewController: 80b8985ad794298fb69d3341de183f33d1853654
  Yoga: c32e0be1a17f8f1f0e633a3122f7666441f52c82

PODFILE CHECKSUM: 9191d65c7dd23caa758476886eb8eac419fab5af

COCOAPODS: 1.15.2
